
Microsoft Visual Studio Solution File, Format Version 12.00
# Visual Studio Version 17
VisualStudioVersion = 17.9.34902.65
MinimumVisualStudioVersion = 10.0.40219.1
Project("{FAE04EC0-301F-11D3-BF4B-00C04F79EFBC}") = "JobsList.Domain", "JobsList.Domain\JobsList.Domain.csproj", "{FC6A7F77-8B53-4EC4-8518-C29A1D81E562}"
EndProject
Project("{FAE04EC0-301F-11D3-BF4B-00C04F79EFBC}") = "JobsList.Infrastructure", "JobsList.Infrastructure\JobsList.Infrastructure.csproj", "{C807AB31-8778-4A25-9744-53631F05E70E}"
EndProject
Project("{FAE04EC0-301F-11D3-BF4B-00C04F79EFBC}") = "JobsList.API", "JobsList.API\JobsList.API.csproj", "{1AB3DFE2-0BC3-445B-93B0-5E09F1721544}"
EndProject
Project("{FAE04EC0-301F-11D3-BF4B-00C04F79EFBC}") = "JobsList.Application", "JobsList.Application\JobsList.Application.csproj", "{750E4BF2-E259-40AF-80CD-307ECBBFFAFA}"
EndProject
Global
	GlobalSection(SolutionConfigurationPlatforms) = preSolution
		Debug|Any CPU = Debug|Any CPU
		Release|Any CPU = Release|Any CPU
	EndGlobalSection
	GlobalSection(ProjectConfigurationPlatforms) = postSolution
		{FC6A7F77-8B53-4EC4-8518-C29A1D81E562}.Debug|Any CPU.ActiveCfg = Debug|Any CPU
		{FC6A7F77-8B53-4EC4-8518-C29A1D81E562}.Debug|Any CPU.Build.0 = Debug|Any CPU
		{FC6A7F77-8B53-4EC4-8518-C29A1D81E562}.Release|Any CPU.ActiveCfg = Release|Any CPU
		{FC6A7F77-8B53-4EC4-8518-C29A1D81E562}.Release|Any CPU.Build.0 = Release|Any CPU
		{C807AB31-8778-4A25-9744-53631F05E70E}.Debug|Any CPU.ActiveCfg = Debug|Any CPU
		{C807AB31-8778-4A25-9744-53631F05E70E}.Debug|Any CPU.Build.0 = Debug|Any CPU
		{C807AB31-8778-4A25-9744-53631F05E70E}.Release|Any CPU.ActiveCfg = Release|Any CPU
		{C807AB31-8778-4A25-9744-53631F05E70E}.Release|Any CPU.Build.0 = Release|Any CPU
		{1AB3DFE2-0BC3-445B-93B0-5E09F1721544}.Debug|Any CPU.ActiveCfg = Debug|Any CPU
		{1AB3DFE2-0BC3-445B-93B0-5E09F1721544}.Debug|Any CPU.Build.0 = Debug|Any CPU
		{1AB3DFE2-0BC3-445B-93B0-5E09F1721544}.Release|Any CPU.ActiveCfg = Release|Any CPU
		{1AB3DFE2-0BC3-445B-93B0-5E09F1721544}.Release|Any CPU.Build.0 = Release|Any CPU
		{750E4BF2-E259-40AF-80CD-307ECBBFFAFA}.Debug|Any CPU.ActiveCfg = Debug|Any CPU
		{750E4BF2-E259-40AF-80CD-307ECBBFFAFA}.Debug|Any CPU.Build.0 = Debug|Any CPU
		{750E4BF2-E259-40AF-80CD-307ECBBFFAFA}.Release|Any CPU.ActiveCfg = Release|Any CPU
		{750E4BF2-E259-40AF-80CD-307ECBBFFAFA}.Release|Any CPU.Build.0 = Release|Any CPU
	EndGlobalSection
	GlobalSection(SolutionProperties) = preSolution
		HideSolutionNode = FALSE
	EndGlobalSection
	GlobalSection(ExtensibilityGlobals) = postSolution
		SolutionGuid = {8B00C564-7BE9-4673-98FB-A2179742776C}
	EndGlobalSection
EndGlobal
